// !$*UTF8*$!
{
	archiveVersion = 1;
	classes = {
	};
	objectVersion = 50;
	objects = {

/* Begin PBXBuildFile section */
		E04FEB4322781C4A0084666D /* Chausie.framework in Frameworks */ = {isa = PBXBuildFile; fileRef = E04FEB3922781C490084666D /* Chausie.framework */; };
		E04FEB4A22781C4A0084666D /* Chausie.h in Headers */ = {isa = PBXBuildFile; fileRef = E04FEB3C22781C490084666D /* Chausie.h */; settings = {ATTRIBUTES = (Public, ); }; };
		E04FEB5C22781CD00084666D /* TabPageComposer.swift in Sources */ = {isa = PBXBuildFile; fileRef = E04FEB5322781CD00084666D /* TabPageComposer.swift */; };
		E04FEB5D22781CD00084666D /* TabPageViewController.swift in Sources */ = {isa = PBXBuildFile; fileRef = E04FEB5422781CD00084666D /* TabPageViewController.swift */; };
		E04FEB5E22781CD00084666D /* Position.swift in Sources */ = {isa = PBXBuildFile; fileRef = E04FEB5522781CD00084666D /* Position.swift */; };
		E04FEB5F22781CD00084666D /* PageViewController.swift in Sources */ = {isa = PBXBuildFile; fileRef = E04FEB5622781CD00084666D /* PageViewController.swift */; };
		E04FEB6022781CD00084666D /* TabViewLayout.swift in Sources */ = {isa = PBXBuildFile; fileRef = E04FEB5722781CD00084666D /* TabViewLayout.swift */; };
		E04FEB6122781CD00084666D /* TabView.swift in Sources */ = {isa = PBXBuildFile; fileRef = E04FEB5822781CD00084666D /* TabView.swift */; };
		E04FEB6222781CD00084666D /* PageViewControllerDelegate.swift in Sources */ = {isa = PBXBuildFile; fileRef = E04FEB5922781CD00084666D /* PageViewControllerDelegate.swift */; };
		E04FEB6322781CD00084666D /* Pageable.swift in Sources */ = {isa = PBXBuildFile; fileRef = E04FEB5A22781CD00084666D /* Pageable.swift */; };
		E04FEB6422781CD00084666D /* TabItemCell.swift in Sources */ = {isa = PBXBuildFile; fileRef = E04FEB5B22781CD00084666D /* TabItemCell.swift */; };
		E04FEB6722781DCF0084666D /* MockPagebableViewController.swift in Sources */ = {isa = PBXBuildFile; fileRef = E04FEB6622781DCF0084666D /* MockPagebableViewController.swift */; };
		E04FEB6D22781DE10084666D /* PageViewControllerDelegateTests.swift in Sources */ = {isa = PBXBuildFile; fileRef = E04FEB6822781DE10084666D /* PageViewControllerDelegateTests.swift */; };
		E04FEB6E22781DE10084666D /* TabViewTests.swift in Sources */ = {isa = PBXBuildFile; fileRef = E04FEB6922781DE10084666D /* TabViewTests.swift */; };
		E04FEB6F22781DE10084666D /* PageViewControllerTests.swift in Sources */ = {isa = PBXBuildFile; fileRef = E04FEB6A22781DE10084666D /* PageViewControllerTests.swift */; };
		E04FEB7022781DE10084666D /* TabPageViewControllerTests.swift in Sources */ = {isa = PBXBuildFile; fileRef = E04FEB6B22781DE10084666D /* TabPageViewControllerTests.swift */; };
		E04FEB7122781DE10084666D /* PageableTests.swift in Sources */ = {isa = PBXBuildFile; fileRef = E04FEB6C22781DE10084666D /* PageableTests.swift */; };
/* End PBXBuildFile section */

/* Begin PBXContainerItemProxy section */
		E04FEB4422781C4A0084666D /* PBXContainerItemProxy */ = {
			isa = PBXContainerItemProxy;
			containerPortal = E04FEB3022781C490084666D /* Project object */;
			proxyType = 1;
			remoteGlobalIDString = E04FEB3822781C490084666D;
			remoteInfo = Chausie;
		};
/* End PBXContainerItemProxy section */

/* Begin PBXFileReference section */
		E04FEB3922781C490084666D /* Chausie.framework */ = {isa = PBXFileReference; explicitFileType = wrapper.framework; includeInIndex = 0; path = Chausie.framework; sourceTree = BUILT_PRODUCTS_DIR; };
		E04FEB3C22781C490084666D /* Chausie.h */ = {isa = PBXFileReference; lastKnownFileType = sourcecode.c.h; path = Chausie.h; sourceTree = "<group>"; };
		E04FEB3D22781C490084666D /* Info.plist */ = {isa = PBXFileReference; lastKnownFileType = text.plist.xml; path = Info.plist; sourceTree = "<group>"; };
		E04FEB4222781C4A0084666D /* ChausieTests.xctest */ = {isa = PBXFileReference; explicitFileType = wrapper.cfbundle; includeInIndex = 0; path = ChausieTests.xctest; sourceTree = BUILT_PRODUCTS_DIR; };
		E04FEB4922781C4A0084666D /* Info.plist */ = {isa = PBXFileReference; lastKnownFileType = text.plist.xml; path = Info.plist; sourceTree = "<group>"; };
		E04FEB5322781CD00084666D /* TabPageComposer.swift */ = {isa = PBXFileReference; fileEncoding = 4; lastKnownFileType = sourcecode.swift; path = TabPageComposer.swift; sourceTree = "<group>"; };
		E04FEB5422781CD00084666D /* TabPageViewController.swift */ = {isa = PBXFileReference; fileEncoding = 4; lastKnownFileType = sourcecode.swift; path = TabPageViewController.swift; sourceTree = "<group>"; };
		E04FEB5522781CD00084666D /* Position.swift */ = {isa = PBXFileReference; fileEncoding = 4; lastKnownFileType = sourcecode.swift; path = Position.swift; sourceTree = "<group>"; };
		E04FEB5622781CD00084666D /* PageViewController.swift */ = {isa = PBXFileReference; fileEncoding = 4; lastKnownFileType = sourcecode.swift; path = PageViewController.swift; sourceTree = "<group>"; };
		E04FEB5722781CD00084666D /* TabViewLayout.swift */ = {isa = PBXFileReference; fileEncoding = 4; lastKnownFileType = sourcecode.swift; path = TabViewLayout.swift; sourceTree = "<group>"; };
		E04FEB5822781CD00084666D /* TabView.swift */ = {isa = PBXFileReference; fileEncoding = 4; lastKnownFileType = sourcecode.swift; path = TabView.swift; sourceTree = "<group>"; };
		E04FEB5922781CD00084666D /* PageViewControllerDelegate.swift */ = {isa = PBXFileReference; fileEncoding = 4; lastKnownFileType = sourcecode.swift; path = PageViewControllerDelegate.swift; sourceTree = "<group>"; };
		E04FEB5A22781CD00084666D /* Pageable.swift */ = {isa = PBXFileReference; fileEncoding = 4; lastKnownFileType = sourcecode.swift; path = Pageable.swift; sourceTree = "<group>"; };
		E04FEB5B22781CD00084666D /* TabItemCell.swift */ = {isa = PBXFileReference; fileEncoding = 4; lastKnownFileType = sourcecode.swift; path = TabItemCell.swift; sourceTree = "<group>"; };
		E04FEB6622781DCF0084666D /* MockPagebableViewController.swift */ = {isa = PBXFileReference; fileEncoding = 4; lastKnownFileType = sourcecode.swift; path = MockPagebableViewController.swift; sourceTree = "<group>"; };
		E04FEB6822781DE10084666D /* PageViewControllerDelegateTests.swift */ = {isa = PBXFileReference; fileEncoding = 4; lastKnownFileType = sourcecode.swift; path = PageViewControllerDelegateTests.swift; sourceTree = "<group>"; };
		E04FEB6922781DE10084666D /* TabViewTests.swift */ = {isa = PBXFileReference; fileEncoding = 4; lastKnownFileType = sourcecode.swift; path = TabViewTests.swift; sourceTree = "<group>"; };
		E04FEB6A22781DE10084666D /* PageViewControllerTests.swift */ = {isa = PBXFileReference; fileEncoding = 4; lastKnownFileType = sourcecode.swift; path = PageViewControllerTests.swift; sourceTree = "<group>"; };
		E04FEB6B22781DE10084666D /* TabPageViewControllerTests.swift */ = {isa = PBXFileReference; fileEncoding = 4; lastKnownFileType = sourcecode.swift; path = TabPageViewControllerTests.swift; sourceTree = "<group>"; };
		E04FEB6C22781DE10084666D /* PageableTests.swift */ = {isa = PBXFileReference; fileEncoding = 4; lastKnownFileType = sourcecode.swift; path = PageableTests.swift; sourceTree = "<group>"; };
/* End PBXFileReference section */

/* Begin PBXFrameworksBuildPhase section */
		E04FEB3622781C490084666D /* Frameworks */ = {
			isa = PBXFrameworksBuildPhase;
			buildActionMask = 2147483647;
			files = (
			);
			runOnlyForDeploymentPostprocessing = 0;
		};
		E04FEB3F22781C4A0084666D /* Frameworks */ = {
			isa = PBXFrameworksBuildPhase;
			buildActionMask = 2147483647;
			files = (
				E04FEB4322781C4A0084666D /* Chausie.framework in Frameworks */,
			);
			runOnlyForDeploymentPostprocessing = 0;
		};
/* End PBXFrameworksBuildPhase section */

/* Begin PBXGroup section */
		E04FEB2F22781C490084666D = {
			isa = PBXGroup;
			children = (
				E04FEB3B22781C490084666D /* Chausie */,
				E04FEB4622781C4A0084666D /* ChausieTests */,
				E04FEB3A22781C490084666D /* Products */,
			);
			sourceTree = "<group>";
		};
		E04FEB3A22781C490084666D /* Products */ = {
			isa = PBXGroup;
			children = (
				E04FEB3922781C490084666D /* Chausie.framework */,
				E04FEB4222781C4A0084666D /* ChausieTests.xctest */,
			);
			name = Products;
			sourceTree = "<group>";
		};
		E04FEB3B22781C490084666D /* Chausie */ = {
			isa = PBXGroup;
			children = (
				E04FEB5A22781CD00084666D /* Pageable.swift */,
				E04FEB5622781CD00084666D /* PageViewController.swift */,
				E04FEB5922781CD00084666D /* PageViewControllerDelegate.swift */,
				E04FEB5522781CD00084666D /* Position.swift */,
				E04FEB5B22781CD00084666D /* TabItemCell.swift */,
				E04FEB5322781CD00084666D /* TabPageComposer.swift */,
				E04FEB5422781CD00084666D /* TabPageViewController.swift */,
				E04FEB5822781CD00084666D /* TabView.swift */,
				E04FEB5722781CD00084666D /* TabViewLayout.swift */,
				E04FEB3C22781C490084666D /* Chausie.h */,
				E04FEB3D22781C490084666D /* Info.plist */,
			);
			path = Chausie;
			sourceTree = "<group>";
		};
		E04FEB4622781C4A0084666D /* ChausieTests */ = {
			isa = PBXGroup;
			children = (
				E04FEB6522781D870084666D /* Mocks */,
				E04FEB6C22781DE10084666D /* PageableTests.swift */,
				E04FEB6822781DE10084666D /* PageViewControllerDelegateTests.swift */,
				E04FEB6A22781DE10084666D /* PageViewControllerTests.swift */,
				E04FEB6B22781DE10084666D /* TabPageViewControllerTests.swift */,
				E04FEB6922781DE10084666D /* TabViewTests.swift */,
				E04FEB4922781C4A0084666D /* Info.plist */,
			);
			path = ChausieTests;
			sourceTree = "<group>";
		};
		E04FEB6522781D870084666D /* Mocks */ = {
			isa = PBXGroup;
			children = (
				E04FEB6622781DCF0084666D /* MockPagebableViewController.swift */,
			);
			path = Mocks;
			sourceTree = "<group>";
		};
/* End PBXGroup section */

/* Begin PBXHeadersBuildPhase section */
		E04FEB3422781C490084666D /* Headers */ = {
			isa = PBXHeadersBuildPhase;
			buildActionMask = 2147483647;
			files = (
				E04FEB4A22781C4A0084666D /* Chausie.h in Headers */,
			);
			runOnlyForDeploymentPostprocessing = 0;
		};
/* End PBXHeadersBuildPhase section */

/* Begin PBXNativeTarget section */
		E04FEB3822781C490084666D /* Chausie */ = {
			isa = PBXNativeTarget;
			buildConfigurationList = E04FEB4D22781C4A0084666D /* Build configuration list for PBXNativeTarget "Chausie" */;
			buildPhases = (
				E04FEB3422781C490084666D /* Headers */,
				E04FEB3522781C490084666D /* Sources */,
				E04FEB3622781C490084666D /* Frameworks */,
				E04FEB3722781C490084666D /* Resources */,
			);
			buildRules = (
			);
			dependencies = (
			);
			name = Chausie;
			productName = Chausie;
			productReference = E04FEB3922781C490084666D /* Chausie.framework */;
			productType = "com.apple.product-type.framework";
		};
		E04FEB4122781C4A0084666D /* ChausieTests */ = {
			isa = PBXNativeTarget;
			buildConfigurationList = E04FEB5022781C4A0084666D /* Build configuration list for PBXNativeTarget "ChausieTests" */;
			buildPhases = (
				E04FEB3E22781C4A0084666D /* Sources */,
				E04FEB3F22781C4A0084666D /* Frameworks */,
				E04FEB4022781C4A0084666D /* Resources */,
			);
			buildRules = (
			);
			dependencies = (
				E04FEB4522781C4A0084666D /* PBXTargetDependency */,
			);
			name = ChausieTests;
			productName = ChausieTests;
			productReference = E04FEB4222781C4A0084666D /* ChausieTests.xctest */;
			productType = "com.apple.product-type.bundle.unit-test";
		};
/* End PBXNativeTarget section */

/* Begin PBXProject section */
		E04FEB3022781C490084666D /* Project object */ = {
			isa = PBXProject;
			attributes = {
				LastSwiftUpdateCheck = 1020;
				LastUpgradeCheck = 1020;
				ORGANIZATIONNAME = shoheiyokoyama;
				TargetAttributes = {
					E04FEB3822781C490084666D = {
						CreatedOnToolsVersion = 10.2.1;
						LastSwiftMigration = 1020;
					};
					E04FEB4122781C4A0084666D = {
						CreatedOnToolsVersion = 10.2.1;
						LastSwiftMigration = 1020;
					};
				};
			};
			buildConfigurationList = E04FEB3322781C490084666D /* Build configuration list for PBXProject "Chausie" */;
			compatibilityVersion = "Xcode 9.3";
			developmentRegion = en;
			hasScannedForEncodings = 0;
			knownRegions = (
				en,
			);
			mainGroup = E04FEB2F22781C490084666D;
			productRefGroup = E04FEB3A22781C490084666D /* Products */;
			projectDirPath = "";
			projectRoot = "";
			targets = (
				E04FEB3822781C490084666D /* Chausie */,
				E04FEB4122781C4A0084666D /* ChausieTests */,
			);
		};
/* End PBXProject section */

/* Begin PBXResourcesBuildPhase section */
		E04FEB3722781C490084666D /* Resources */ = {
			isa = PBXResourcesBuildPhase;
			buildActionMask = 2147483647;
			files = (
			);
			runOnlyForDeploymentPostprocessing = 0;
		};
		E04FEB4022781C4A0084666D /* Resources */ = {
			isa = PBXResourcesBuildPhase;
			buildActionMask = 2147483647;
			files = (
			);
			runOnlyForDeploymentPostprocessing = 0;
		};
/* End PBXResourcesBuildPhase section */

/* Begin PBXSourcesBuildPhase section */
		E04FEB3522781C490084666D /* Sources */ = {
			isa = PBXSourcesBuildPhase;
			buildActionMask = 2147483647;
			files = (
				E04FEB5C22781CD00084666D /* TabPageComposer.swift in Sources */,
				E04FEB5D22781CD00084666D /* TabPageViewController.swift in Sources */,
				E04FEB6322781CD00084666D /* Pageable.swift in Sources */,
				E04FEB6222781CD00084666D /* PageViewControllerDelegate.swift in Sources */,
				E04FEB6022781CD00084666D /* TabViewLayout.swift in Sources */,
				E04FEB5E22781CD00084666D /* Position.swift in Sources */,
				E04FEB6122781CD00084666D /* TabView.swift in Sources */,
				E04FEB6422781CD00084666D /* TabItemCell.swift in Sources */,
				E04FEB5F22781CD00084666D /* PageViewController.swift in Sources */,
			);
			runOnlyForDeploymentPostprocessing = 0;
		};
		E04FEB3E22781C4A0084666D /* Sources */ = {
			isa = PBXSourcesBuildPhase;
			buildActionMask = 2147483647;
			files = (
				E04FEB7122781DE10084666D /* PageableTests.swift in Sources */,
				E04FEB6D22781DE10084666D /* PageViewControllerDelegateTests.swift in Sources */,
				E04FEB6E22781DE10084666D /* TabViewTests.swift in Sources */,
				E04FEB6722781DCF0084666D /* MockPagebableViewController.swift in Sources */,
				E04FEB7022781DE10084666D /* TabPageViewControllerTests.swift in Sources */,
				E04FEB6F22781DE10084666D /* PageViewControllerTests.swift in Sources */,
			);
			runOnlyForDeploymentPostprocessing = 0;
		};
/* End PBXSourcesBuildPhase section */

/* Begin PBXTargetDependency section */
		E04FEB4522781C4A0084666D /* PBXTargetDependency */ = {
			isa = PBXTargetDependency;
			target = E04FEB3822781C490084666D /* Chausie */;
			targetProxy = E04FEB4422781C4A0084666D /* PBXContainerItemProxy */;
		};
/* End PBXTargetDependency section */

/* Begin XCBuildConfiguration section */
		E04FEB4B22781C4A0084666D /* Debug */ = {
			isa = XCBuildConfiguration;
			buildSettings = {
				ALWAYS_SEARCH_USER_PATHS = NO;
				CLANG_ANALYZER_NONNULL = YES;
				CLANG_ANALYZER_NUMBER_OBJECT_CONVERSION = YES_AGGRESSIVE;
				CLANG_CXX_LANGUAGE_STANDARD = "gnu++14";
				CLANG_CXX_LIBRARY = "libc++";
				CLANG_ENABLE_MODULES = YES;
				CLANG_ENABLE_OBJC_ARC = YES;
				CLANG_ENABLE_OBJC_WEAK = YES;
				CLANG_WARN_BLOCK_CAPTURE_AUTORELEASING = YES;
				CLANG_WARN_BOOL_CONVERSION = YES;
				CLANG_WARN_COMMA = YES;
				CLANG_WARN_CONSTANT_CONVERSION = YES;
				CLANG_WARN_DEPRECATED_OBJC_IMPLEMENTATIONS = YES;
				CLANG_WARN_DIRECT_OBJC_ISA_USAGE = YES_ERROR;
				CLANG_WARN_DOCUMENTATION_COMMENTS = YES;
				CLANG_WARN_EMPTY_BODY = YES;
				CLANG_WARN_ENUM_CONVERSION = YES;
				CLANG_WARN_INFINITE_RECURSION = YES;
				CLANG_WARN_INT_CONVERSION = YES;
				CLANG_WARN_NON_LITERAL_NULL_CONVERSION = YES;
				CLANG_WARN_OBJC_IMPLICIT_RETAIN_SELF = YES;
				CLANG_WARN_OBJC_LITERAL_CONVERSION = YES;
				CLANG_WARN_OBJC_ROOT_CLASS = YES_ERROR;
				CLANG_WARN_RANGE_LOOP_ANALYSIS = YES;
				CLANG_WARN_STRICT_PROTOTYPES = YES;
				CLANG_WARN_SUSPICIOUS_MOVE = YES;
				CLANG_WARN_UNGUARDED_AVAILABILITY = YES_AGGRESSIVE;
				CLANG_WARN_UNREACHABLE_CODE = YES;
				CLANG_WARN__DUPLICATE_METHOD_MATCH = YES;
				CODE_SIGN_IDENTITY = "iPhone Developer";
				COPY_PHASE_STRIP = NO;
				CURRENT_PROJECT_VERSION = 1;
				DEBUG_INFORMATION_FORMAT = dwarf;
				ENABLE_STRICT_OBJC_MSGSEND = YES;
				ENABLE_TESTABILITY = YES;
				GCC_C_LANGUAGE_STANDARD = gnu11;
				GCC_DYNAMIC_NO_PIC = NO;
				GCC_NO_COMMON_BLOCKS = YES;
				GCC_OPTIMIZATION_LEVEL = 0;
				GCC_PREPROCESSOR_DEFINITIONS = (
					"DEBUG=1",
					"$(inherited)",
				);
				GCC_WARN_64_TO_32_BIT_CONVERSION = YES;
				GCC_WARN_ABOUT_RETURN_TYPE = YES_ERROR;
				GCC_WARN_UNDECLARED_SELECTOR = YES;
				GCC_WARN_UNINITIALIZED_AUTOS = YES_AGGRESSIVE;
				GCC_WARN_UNUSED_FUNCTION = YES;
				GCC_WARN_UNUSED_VARIABLE = YES;
				IPHONEOS_DEPLOYMENT_TARGET = 11.0;
				MTL_ENABLE_DEBUG_INFO = INCLUDE_SOURCE;
				MTL_FAST_MATH = YES;
				ONLY_ACTIVE_ARCH = YES;
				SDKROOT = iphoneos;
				SWIFT_ACTIVE_COMPILATION_CONDITIONS = DEBUG;
				SWIFT_OPTIMIZATION_LEVEL = "-Onone";
				VERSIONING_SYSTEM = "apple-generic";
				VERSION_INFO_PREFIX = "";
			};
			name = Debug;
		};
		E04FEB4C22781C4A0084666D /* Release */ = {
			isa = XCBuildConfiguration;
			buildSettings = {
				ALWAYS_SEARCH_USER_PATHS = NO;
				CLANG_ANALYZER_NONNULL = YES;
				CLANG_ANALYZER_NUMBER_OBJECT_CONVERSION = YES_AGGRESSIVE;
				CLANG_CXX_LANGUAGE_STANDARD = "gnu++14";
				CLANG_CXX_LIBRARY = "libc++";
				CLANG_ENABLE_MODULES = YES;
				CLANG_ENABLE_OBJC_ARC = YES;
				CLANG_ENABLE_OBJC_WEAK = YES;
				CLANG_WARN_BLOCK_CAPTURE_AUTORELEASING = YES;
				CLANG_WARN_BOOL_CONVERSION = YES;
				CLANG_WARN_COMMA = YES;
				CLANG_WARN_CONSTANT_CONVERSION = YES;
				CLANG_WARN_DEPRECATED_OBJC_IMPLEMENTATIONS = YES;
				CLANG_WARN_DIRECT_OBJC_ISA_USAGE = YES_ERROR;
				CLANG_WARN_DOCUMENTATION_COMMENTS = YES;
				CLANG_WARN_EMPTY_BODY = YES;
				CLANG_WARN_ENUM_CONVERSION = YES;
				CLANG_WARN_INFINITE_RECURSION = YES;
				CLANG_WARN_INT_CONVERSION = YES;
				CLANG_WARN_NON_LITERAL_NULL_CONVERSION = YES;
				CLANG_WARN_OBJC_IMPLICIT_RETAIN_SELF = YES;
				CLANG_WARN_OBJC_LITERAL_CONVERSION = YES;
				CLANG_WARN_OBJC_ROOT_CLASS = YES_ERROR;
				CLANG_WARN_RANGE_LOOP_ANALYSIS = YES;
				CLANG_WARN_STRICT_PROTOTYPES = YES;
				CLANG_WARN_SUSPICIOUS_MOVE = YES;
				CLANG_WARN_UNGUARDED_AVAILABILITY = YES_AGGRESSIVE;
				CLANG_WARN_UNREACHABLE_CODE = YES;
				CLANG_WARN__DUPLICATE_METHOD_MATCH = YES;
				CODE_SIGN_IDENTITY = "iPhone Developer";
				COPY_PHASE_STRIP = NO;
				CURRENT_PROJECT_VERSION = 1;
				DEBUG_INFORMATION_FORMAT = "dwarf-with-dsym";
				ENABLE_NS_ASSERTIONS = NO;
				ENABLE_STRICT_OBJC_MSGSEND = YES;
				GCC_C_LANGUAGE_STANDARD = gnu11;
				GCC_NO_COMMON_BLOCKS = YES;
				GCC_WARN_64_TO_32_BIT_CONVERSION = YES;
				GCC_WARN_ABOUT_RETURN_TYPE = YES_ERROR;
				GCC_WARN_UNDECLARED_SELECTOR = YES;
				GCC_WARN_UNINITIALIZED_AUTOS = YES_AGGRESSIVE;
				GCC_WARN_UNUSED_FUNCTION = YES;
				GCC_WARN_UNUSED_VARIABLE = YES;
				IPHONEOS_DEPLOYMENT_TARGET = 11.0;
				MTL_ENABLE_DEBUG_INFO = NO;
				MTL_FAST_MATH = YES;
				SDKROOT = iphoneos;
				SWIFT_COMPILATION_MODE = wholemodule;
				SWIFT_OPTIMIZATION_LEVEL = "-O";
				VALIDATE_PRODUCT = YES;
				VERSIONING_SYSTEM = "apple-generic";
				VERSION_INFO_PREFIX = "";
			};
			name = Release;
		};
		E04FEB4E22781C4A0084666D /* Debug */ = {
			isa = XCBuildConfiguration;
			buildSettings = {
				CLANG_ENABLE_MODULES = YES;
				CODE_SIGN_IDENTITY = "";
				CODE_SIGN_STYLE = Automatic;
				DEFINES_MODULE = YES;
				DYLIB_COMPATIBILITY_VERSION = 1;
				DYLIB_CURRENT_VERSION = 1;
				DYLIB_INSTALL_NAME_BASE = "@rpath";
				INFOPLIST_FILE = Chausie/Info.plist;
				INSTALL_PATH = "$(LOCAL_LIBRARY_DIR)/Frameworks";
				LD_RUNPATH_SEARCH_PATHS = (
					"$(inherited)",
					"@executable_path/Frameworks",
					"@loader_path/Frameworks",
				);
				PRODUCT_BUNDLE_IDENTIFIER = jp.co.shoheiyokoyama.Chausie;
				PRODUCT_NAME = "$(TARGET_NAME:c99extidentifier)";
				SKIP_INSTALL = YES;
				SWIFT_OPTIMIZATION_LEVEL = "-Onone";
				SWIFT_VERSION = 5.0;
				TARGETED_DEVICE_FAMILY = "1,2";
			};
			name = Debug;
		};
		E04FEB4F22781C4A0084666D /* Release */ = {
			isa = XCBuildConfiguration;
			buildSettings = {
				CLANG_ENABLE_MODULES = YES;
				CODE_SIGN_IDENTITY = "";
				CODE_SIGN_STYLE = Automatic;
				DEFINES_MODULE = YES;
				DYLIB_COMPATIBILITY_VERSION = 1;
				DYLIB_CURRENT_VERSION = 1;
				DYLIB_INSTALL_NAME_BASE = "@rpath";
				INFOPLIST_FILE = Chausie/Info.plist;
				INSTALL_PATH = "$(LOCAL_LIBRARY_DIR)/Frameworks";
				LD_RUNPATH_SEARCH_PATHS = (
					"$(inherited)",
					"@executable_path/Frameworks",
					"@loader_path/Frameworks",
				);
				PRODUCT_BUNDLE_IDENTIFIER = jp.co.shoheiyokoyama.Chausie;
				PRODUCT_NAME = "$(TARGET_NAME:c99extidentifier)";
				SKIP_INSTALL = YES;
				SWIFT_VERSION = 5.0;
				TARGETED_DEVICE_FAMILY = "1,2";
			};
			name = Release;
		};
		E04FEB5122781C4A0084666D /* Debug */ = {
			isa = XCBuildConfiguration;
			buildSettings = {
				ALWAYS_EMBED_SWIFT_STANDARD_LIBRARIES = YES;
				CLANG_ENABLE_MODULES = YES;
				CODE_SIGN_STYLE = Automatic;
				INFOPLIST_FILE = ChausieTests/Info.plist;
				LD_RUNPATH_SEARCH_PATHS = (
					"$(inherited)",
					"@executable_path/Frameworks",
					"@loader_path/Frameworks",
				);
				PRODUCT_BUNDLE_IDENTIFIER = jp.co.shoheiyokoyama.ChausieTests;
				PRODUCT_NAME = "$(TARGET_NAME)";
				SWIFT_OPTIMIZATION_LEVEL = "-Onone";
				SWIFT_VERSION = 5.0;
				TARGETED_DEVICE_FAMILY = "1,2";
			};
			name = Debug;
		};
		E04FEB5222781C4A0084666D /* Release */ = {
			isa = XCBuildConfiguration;
			buildSettings = {
				ALWAYS_EMBED_SWIFT_STANDARD_LIBRARIES = YES;
				CLANG_ENABLE_MODULES = YES;
				CODE_SIGN_STYLE = Automatic;
				INFOPLIST_FILE = ChausieTests/Info.plist;
				LD_RUNPATH_SEARCH_PATHS = (
					"$(inherited)",
					"@executable_path/Frameworks",
					"@loader_path/Frameworks",
				);
				PRODUCT_BUNDLE_IDENTIFIER = jp.co.shoheiyokoyama.ChausieTests;
				PRODUCT_NAME = "$(TARGET_NAME)";
				SWIFT_VERSION = 5.0;
				TARGETED_DEVICE_FAMILY = "1,2";
			};
			name = Release;
		};
/* End XCBuildConfiguration section */

/* Begin XCConfigurationList section */
		E04FEB3322781C490084666D /* Build configuration list for PBXProject "Chausie" */ = {
			isa = XCConfigurationList;
			buildConfigurations = (
				E04FEB4B22781C4A0084666D /* Debug */,
				E04FEB4C22781C4A0084666D /* Release */,
			);
			defaultConfigurationIsVisible = 0;
			defaultConfigurationName = Release;
		};
		E04FEB4D22781C4A0084666D /* Build configuration list for PBXNativeTarget "Chausie" */ = {
			isa = XCConfigurationList;
			buildConfigurations = (
				E04FEB4E22781C4A0084666D /* Debug */,
				E04FEB4F22781C4A0084666D /* Release */,
			);
			defaultConfigurationIsVisible = 0;
			defaultConfigurationName = Release;
		};
		E04FEB5022781C4A0084666D /* Build configuration list for PBXNativeTarget "ChausieTests" */ = {
			isa = XCConfigurationList;
			buildConfigurations = (
				E04FEB5122781C4A0084666D /* Debug */,
				E04FEB5222781C4A0084666D /* Release */,
			);
			defaultConfigurationIsVisible = 0;
			defaultConfigurationName = Release;
		};
/* End XCConfigurationList section */
	};
	rootObject = E04FEB3022781C490084666D /* Project object */;
}
